
Microsoft Visual Studio Solution File, Format Version 12.00
# Visual Studio Version 17
VisualStudioVersion = 17.7.34031.279
MinimumVisualStudioVersion = 10.0.40219.1
Project("{9A19103F-16F7-4668-BE54-9A1E7A4F7556}") = "AuctionService", "src\AuctionService\AuctionService.csproj", "{FD450173-7C9A-43FB-9631-1A4928D10919}"
EndProject
Project("{2150E333-8FDC-42A3-9474-1A3956D46DE8}") = "src", "src", "{86DAC33A-2EAC-421A-8498-21F9B56965CB}"
	ProjectSection(SolutionItems) = preProject
		.env = .env
	EndProjectSection
EndProject
Project("{9A19103F-16F7-4668-BE54-9A1E7A4F7556}") = "SearchService", "src\SearchService\SearchService.csproj", "{F3E6D156-0F26-4F27-8709-B4E9D59FD611}"
EndProject
Project("{9A19103F-16F7-4668-BE54-9A1E7A4F7556}") = "Contracts", "src\Contracts\Contracts.csproj", "{C1E2236E-3386-4678-B937-6A85E6A1B974}"
EndProject
Project("{9A19103F-16F7-4668-BE54-9A1E7A4F7556}") = "IdentityService", "src\IdentityService\IdentityService.csproj", "{649AFC6E-4B36-4048-B311-A770F418E3E3}"
EndProject
Project("{9A19103F-16F7-4668-BE54-9A1E7A4F7556}") = "GatewayService", "src\GatewayService\GatewayService.csproj", "{CBCBAACA-E759-4ABC-93AF-7D1B40EDB45E}"
EndProject
Global
	GlobalSection(SolutionConfigurationPlatforms) = preSolution
		Debug|Any CPU = Debug|Any CPU
		Release|Any CPU = Release|Any CPU
	EndGlobalSection
	GlobalSection(ProjectConfigurationPlatforms) = postSolution
		{FD450173-7C9A-43FB-9631-1A4928D10919}.Debug|Any CPU.ActiveCfg = Debug|Any CPU
		{FD450173-7C9A-43FB-9631-1A4928D10919}.Debug|Any CPU.Build.0 = Debug|Any CPU
		{FD450173-7C9A-43FB-9631-1A4928D10919}.Release|Any CPU.ActiveCfg = Release|Any CPU
		{FD450173-7C9A-43FB-9631-1A4928D10919}.Release|Any CPU.Build.0 = Release|Any CPU
		{F3E6D156-0F26-4F27-8709-B4E9D59FD611}.Debug|Any CPU.ActiveCfg = Debug|Any CPU
		{F3E6D156-0F26-4F27-8709-B4E9D59FD611}.Debug|Any CPU.Build.0 = Debug|Any CPU
		{F3E6D156-0F26-4F27-8709-B4E9D59FD611}.Release|Any CPU.ActiveCfg = Release|Any CPU
		{F3E6D156-0F26-4F27-8709-B4E9D59FD611}.Release|Any CPU.Build.0 = Release|Any CPU
		{C1E2236E-3386-4678-B937-6A85E6A1B974}.Debug|Any CPU.ActiveCfg = Debug|Any CPU
		{C1E2236E-3386-4678-B937-6A85E6A1B974}.Debug|Any CPU.Build.0 = Debug|Any CPU
		{C1E2236E-3386-4678-B937-6A85E6A1B974}.Release|Any CPU.ActiveCfg = Release|Any CPU
		{C1E2236E-3386-4678-B937-6A85E6A1B974}.Release|Any CPU.Build.0 = Release|Any CPU
		{649AFC6E-4B36-4048-B311-A770F418E3E3}.Debug|Any CPU.ActiveCfg = Debug|Any CPU
		{649AFC6E-4B36-4048-B311-A770F418E3E3}.Debug|Any CPU.Build.0 = Debug|Any CPU
		{649AFC6E-4B36-4048-B311-A770F418E3E3}.Release|Any CPU.ActiveCfg = Release|Any CPU
		{649AFC6E-4B36-4048-B311-A770F418E3E3}.Release|Any CPU.Build.0 = Release|Any CPU
		{CBCBAACA-E759-4ABC-93AF-7D1B40EDB45E}.Debug|Any CPU.ActiveCfg = Debug|Any CPU
		{CBCBAACA-E759-4ABC-93AF-7D1B40EDB45E}.Debug|Any CPU.Build.0 = Debug|Any CPU
		{CBCBAACA-E759-4ABC-93AF-7D1B40EDB45E}.Release|Any CPU.ActiveCfg = Release|Any CPU
		{CBCBAACA-E759-4ABC-93AF-7D1B40EDB45E}.Release|Any CPU.Build.0 = Release|Any CPU
	EndGlobalSection
	GlobalSection(SolutionProperties) = preSolution
		HideSolutionNode = FALSE
	EndGlobalSection
	GlobalSection(NestedProjects) = preSolution
		{FD450173-7C9A-43FB-9631-1A4928D10919} = {86DAC33A-2EAC-421A-8498-21F9B56965CB}
		{F3E6D156-0F26-4F27-8709-B4E9D59FD611} = {86DAC33A-2EAC-421A-8498-21F9B56965CB}
		{C1E2236E-3386-4678-B937-6A85E6A1B974} = {86DAC33A-2EAC-421A-8498-21F9B56965CB}
		{649AFC6E-4B36-4048-B311-A770F418E3E3} = {86DAC33A-2EAC-421A-8498-21F9B56965CB}
		{CBCBAACA-E759-4ABC-93AF-7D1B40EDB45E} = {86DAC33A-2EAC-421A-8498-21F9B56965CB}
	EndGlobalSection
	GlobalSection(ExtensibilityGlobals) = postSolution
		SolutionGuid = {EFF16BC6-FCA0-4714-9451-B20D3C657C67}
	EndGlobalSection
EndGlobal
